{
    "knplabs/knp-components": {
        "version": "v2.2.0"
    },
    "knplabs/knp-paginator-bundle": {
        "version": "v4.0.0"
    },
    "nikic/php-parser": {
        "version": "v4.2.4"
    },
    "symfony/apache-pack": {
        "version": "1.0",
        "recipe": {
            "repo": "github.com/symfony/recipes-contrib",
            "branch": "master",
            "version": "1.0",
            "ref": "c82bead70f9a4f656354a193df7bf0ca2114efa0"
        },
        "files": [
            "./public/.htaccess"
        ]
    },
    "symfony/css-selector": {
        "version": "v4.3.6"
    },
    "symfony/maker-bundle": {
        "version": "1.0",
        "recipe": {
            "repo": "github.com/symfony/recipes",
            "branch": "master",
            "version": "1.0",
            "ref": "fadbfe33303a76e25cb63401050439aa9b1a9c7f"
        }
    },
    "symfony/translation": {
        "version": "3.3",
        "recipe": {
            "repo": "github.com/symfony/recipes",
            "branch": "master",
            "version": "3.3",
            "ref": "2ad9d2545bce8ca1a863e50e92141f0b9d87ffcd"
        },
        "files": [
            "./config/packages/translation.yaml",
            "./translations/.gitignore"
        ]
    },
    "tijsverkoyen/css-to-inline-styles": {
        "version": "2.2.2"
    },
    "twig/cssinliner-extra": {
        "version": "v2.12.1"
    },
    "twig/extra-bundle": {
        "version": "v2.12.1"
    }
}
