{
    "knplabs/knp-components": {
        "version": "v2.2.0"
    },
    "knplabs/knp-paginator-bundle": {
        "version": "v4.0.0"
    },
    "symfony/css-selector": {
        "version": "v4.3.6"
    },
    "symfony/translation": {
        "version": "3.3",
        "recipe": {
            "repo": "github.com/symfony/recipes",
            "branch": "master",
            "version": "3.3",
            "ref": "2ad9d2545bce8ca1a863e50e92141f0b9d87ffcd"
        },
        "files": [
            "./config/packages/translation.yaml",
            "./translations/.gitignore"
        ]
    },
    "tijsverkoyen/css-to-inline-styles": {
        "version": "2.2.2"
    },
    "twig/cssinliner-extra": {
        "version": "v2.12.1"
    },
    "twig/extra-bundle": {
        "version": "v2.12.1"
    }
}
